
Microsoft Visual Studio Solution File, Format Version 12.00
# Visual Studio Version 17
VisualStudioVersion = 17.11.34929.205
MinimumVisualStudioVersion = 10.0.40219.1
Project("{FAE04EC0-301F-11D3-BF4B-00C04F79EFBC}") = "bai9a", "bai9a\bai9a.csproj", "{327AD35C-12E8-4FC8-9C9B-764DDCF8C171}"
EndProject
Global
	GlobalSection(SolutionConfigurationPlatforms) = preSolution
		Debug|Any CPU = Debug|Any CPU
		Release|Any CPU = Release|Any CPU
	EndGlobalSection
	GlobalSection(ProjectConfigurationPlatforms) = postSolution
		{327AD35C-12E8-4FC8-9C9B-764DDCF8C171}.Debug|Any CPU.ActiveCfg = Debug|Any CPU
		{327AD35C-12E8-4FC8-9C9B-764DDCF8C171}.Debug|Any CPU.Build.0 = Debug|Any CPU
		{327AD35C-12E8-4FC8-9C9B-764DDCF8C171}.Release|Any CPU.ActiveCfg = Release|Any CPU
		{327AD35C-12E8-4FC8-9C9B-764DDCF8C171}.Release|Any CPU.Build.0 = Release|Any CPU
	EndGlobalSection
	GlobalSection(SolutionProperties) = preSolution
		HideSolutionNode = FALSE
	EndGlobalSection
	GlobalSection(ExtensibilityGlobals) = postSolution
		SolutionGuid = {B579A10B-201C-4C6D-9227-FEC6355077A0}
	EndGlobalSection
EndGlobal
